
Microsoft Visual Studio Solution File, Format Version 12.00
# Visual Studio Version 17
VisualStudioVersion = 17.10.35013.160
MinimumVisualStudioVersion = 10.0.40219.1
Project("{FAE04EC0-301F-11D3-BF4B-00C04F79EFBC}") = "FlightTicketManager", "FlightTicketManager\FlightTicketManager.csproj", "{8C7C91F7-BE05-45D7-8FFD-8A2193FE4A03}"
EndProject
Global
	GlobalSection(SolutionConfigurationPlatforms) = preSolution
		Debug|Any CPU = Debug|Any CPU
		Release|Any CPU = Release|Any CPU
	EndGlobalSection
	GlobalSection(ProjectConfigurationPlatforms) = postSolution
		{8C7C91F7-BE05-45D7-8FFD-8A2193FE4A03}.Debug|Any CPU.ActiveCfg = Debug|Any CPU
		{8C7C91F7-BE05-45D7-8FFD-8A2193FE4A03}.Debug|Any CPU.Build.0 = Debug|Any CPU
		{8C7C91F7-BE05-45D7-8FFD-8A2193FE4A03}.Release|Any CPU.ActiveCfg = Release|Any CPU
		{8C7C91F7-BE05-45D7-8FFD-8A2193FE4A03}.Release|Any CPU.Build.0 = Release|Any CPU
	EndGlobalSection
	GlobalSection(SolutionProperties) = preSolution
		HideSolutionNode = FALSE
	EndGlobalSection
	GlobalSection(ExtensibilityGlobals) = postSolution
		SolutionGuid = {7FDDF4B5-C2E7-4225-B2A6-81A01213D1C7}
	EndGlobalSection
EndGlobal
